// !$*UTF8*$!
{
	archiveVersion = 1;
	classes = {
	};
	objectVersion = 55;
	objects = {

/* Begin PBXBuildFile section */
		A66980B1277B4C0C0036B472 /* Kadai11App.swift in Sources */ = {isa = PBXBuildFile; fileRef = A66980B0277B4C0C0036B472 /* Kadai11App.swift */; };
		A66980B5277B4C0F0036B472 /* Assets.xcassets in Resources */ = {isa = PBXBuildFile; fileRef = A66980B4277B4C0F0036B472 /* Assets.xcassets */; };
		A66980B8277B4C0F0036B472 /* Preview Assets.xcassets in Resources */ = {isa = PBXBuildFile; fileRef = A66980B7277B4C0F0036B472 /* Preview Assets.xcassets */; };
		A66980BF277B4F9E0036B472 /* PrefectureList.swift in Sources */ = {isa = PBXBuildFile; fileRef = A66980BE277B4F9E0036B472 /* PrefectureList.swift */; };
		A66980C4277B5CAD0036B472 /* PrefectureViewModel.swift in Sources */ = {isa = PBXBuildFile; fileRef = A66980C3277B5CAD0036B472 /* PrefectureViewModel.swift */; };
		A66980C8277B66A40036B472 /* PrefectureUseCase.swift in Sources */ = {isa = PBXBuildFile; fileRef = A66980C7277B66A40036B472 /* PrefectureUseCase.swift */; };
		A66980CA277B66D10036B472 /* PrefectureRepository.swift in Sources */ = {isa = PBXBuildFile; fileRef = A66980C9277B66D10036B472 /* PrefectureRepository.swift */; };
		A66980CD277B68180036B472 /* APIClient.swift in Sources */ = {isa = PBXBuildFile; fileRef = A66980CC277B68180036B472 /* APIClient.swift */; };
		A66980D0277B6F6E0036B472 /* Router.swift in Sources */ = {isa = PBXBuildFile; fileRef = A66980CF277B6F6E0036B472 /* Router.swift */; };
		A66980D2277B6F9F0036B472 /* HomeView.swift in Sources */ = {isa = PBXBuildFile; fileRef = A66980D1277B6F9F0036B472 /* HomeView.swift */; };
		A6CE14DC277C96E2004C8732 /* HomeViewModel.swift in Sources */ = {isa = PBXBuildFile; fileRef = A6CE14DB277C96E2004C8732 /* HomeViewModel.swift */; };
/* End PBXBuildFile section */

/* Begin PBXFileReference section */
		A66980AD277B4C0C0036B472 /* Kadai11.app */ = {isa = PBXFileReference; explicitFileType = wrapper.application; includeInIndex = 0; path = Kadai11.app; sourceTree = BUILT_PRODUCTS_DIR; };
		A66980B0277B4C0C0036B472 /* Kadai11App.swift */ = {isa = PBXFileReference; lastKnownFileType = sourcecode.swift; path = Kadai11App.swift; sourceTree = "<group>"; };
		A66980B4277B4C0F0036B472 /* Assets.xcassets */ = {isa = PBXFileReference; lastKnownFileType = folder.assetcatalog; path = Assets.xcassets; sourceTree = "<group>"; };
		A66980B7277B4C0F0036B472 /* Preview Assets.xcassets */ = {isa = PBXFileReference; lastKnownFileType = folder.assetcatalog; path = "Preview Assets.xcassets"; sourceTree = "<group>"; };
		A66980BE277B4F9E0036B472 /* PrefectureList.swift */ = {isa = PBXFileReference; lastKnownFileType = sourcecode.swift; path = PrefectureList.swift; sourceTree = "<group>"; };
		A66980C3277B5CAD0036B472 /* PrefectureViewModel.swift */ = {isa = PBXFileReference; lastKnownFileType = sourcecode.swift; path = PrefectureViewModel.swift; sourceTree = "<group>"; };
		A66980C7277B66A40036B472 /* PrefectureUseCase.swift */ = {isa = PBXFileReference; lastKnownFileType = sourcecode.swift; path = PrefectureUseCase.swift; sourceTree = "<group>"; };
		A66980C9277B66D10036B472 /* PrefectureRepository.swift */ = {isa = PBXFileReference; lastKnownFileType = sourcecode.swift; path = PrefectureRepository.swift; sourceTree = "<group>"; };
		A66980CC277B68180036B472 /* APIClient.swift */ = {isa = PBXFileReference; lastKnownFileType = sourcecode.swift; path = APIClient.swift; sourceTree = "<group>"; };
		A66980CF277B6F6E0036B472 /* Router.swift */ = {isa = PBXFileReference; lastKnownFileType = sourcecode.swift; path = Router.swift; sourceTree = "<group>"; };
		A66980D1277B6F9F0036B472 /* HomeView.swift */ = {isa = PBXFileReference; lastKnownFileType = sourcecode.swift; path = HomeView.swift; sourceTree = "<group>"; };
		A6CE14DB277C96E2004C8732 /* HomeViewModel.swift */ = {isa = PBXFileReference; lastKnownFileType = sourcecode.swift; path = HomeViewModel.swift; sourceTree = "<group>"; };
/* End PBXFileReference section */

/* Begin PBXFrameworksBuildPhase section */
		A66980AA277B4C0C0036B472 /* Frameworks */ = {
			isa = PBXFrameworksBuildPhase;
			buildActionMask = 2147483647;
			files = (
			);
			runOnlyForDeploymentPostprocessing = 0;
		};
/* End PBXFrameworksBuildPhase section */

/* Begin PBXGroup section */
		A66980A4277B4C0C0036B472 = {
			isa = PBXGroup;
			children = (
				A66980AF277B4C0C0036B472 /* Kadai11 */,
				A66980AE277B4C0C0036B472 /* Products */,
			);
			sourceTree = "<group>";
		};
		A66980AE277B4C0C0036B472 /* Products */ = {
			isa = PBXGroup;
			children = (
				A66980AD277B4C0C0036B472 /* Kadai11.app */,
			);
			name = Products;
			sourceTree = "<group>";
		};
		A66980AF277B4C0C0036B472 /* Kadai11 */ = {
			isa = PBXGroup;
			children = (
				A6CE14DD277D7177004C8732 /* Helper */,
				A66980CE277B6ED00036B472 /* Router */,
				A66980CB277B680C0036B472 /* API */,
				A66980C6277B65C50036B472 /* Repository */,
				A66980C5277B65C00036B472 /* UseCase */,
				A66980C1277B5C780036B472 /* ViewModel */,
				A66980C0277B5C730036B472 /* View */,
				A66980B0277B4C0C0036B472 /* Kadai11App.swift */,
				A66980B4277B4C0F0036B472 /* Assets.xcassets */,
				A66980B6277B4C0F0036B472 /* Preview Content */,
			);
			path = Kadai11;
			sourceTree = "<group>";
		};
		A66980B6277B4C0F0036B472 /* Preview Content */ = {
			isa = PBXGroup;
			children = (
				A66980B7277B4C0F0036B472 /* Preview Assets.xcassets */,
			);
			path = "Preview Content";
			sourceTree = "<group>";
		};
		A66980C0277B5C730036B472 /* View */ = {
			isa = PBXGroup;
			children = (
				A66980BE277B4F9E0036B472 /* PrefectureList.swift */,
				A66980D1277B6F9F0036B472 /* HomeView.swift */,
			);
			path = View;
			sourceTree = "<group>";
		};
		A66980C1277B5C780036B472 /* ViewModel */ = {
			isa = PBXGroup;
			children = (
				A66980C3277B5CAD0036B472 /* PrefectureViewModel.swift */,
				A6CE14DB277C96E2004C8732 /* HomeViewModel.swift */,
			);
			path = ViewModel;
			sourceTree = "<group>";
		};
		A66980C5277B65C00036B472 /* UseCase */ = {
			isa = PBXGroup;
			children = (
				A66980C7277B66A40036B472 /* PrefectureUseCase.swift */,
			);
			path = UseCase;
			sourceTree = "<group>";
		};
		A66980C6277B65C50036B472 /* Repository */ = {
			isa = PBXGroup;
			children = (
				A66980C9277B66D10036B472 /* PrefectureRepository.swift */,
			);
			path = Repository;
			sourceTree = "<group>";
		};
		A66980CB277B680C0036B472 /* API */ = {
			isa = PBXGroup;
			children = (
				A66980CC277B68180036B472 /* APIClient.swift */,
			);
			path = API;
			sourceTree = "<group>";
		};
		A66980CE277B6ED00036B472 /* Router */ = {
			isa = PBXGroup;
			children = (
				A66980CF277B6F6E0036B472 /* Router.swift */,
			);
			path = Router;
			sourceTree = "<group>";
		};
		A6CE14DD277D7177004C8732 /* Helper */ = {
			isa = PBXGroup;
			children = (
			);
			path = Helper;
			sourceTree = "<group>";
		};
/* End PBXGroup section */

/* Begin PBXNativeTarget section */
		A66980AC277B4C0C0036B472 /* Kadai11 */ = {
			isa = PBXNativeTarget;
			buildConfigurationList = A66980BB277B4C0F0036B472 /* Build configuration list for PBXNativeTarget "Kadai11" */;
			buildPhases = (
				A66980A9277B4C0C0036B472 /* Sources */,
				A66980AA277B4C0C0036B472 /* Frameworks */,
				A66980AB277B4C0C0036B472 /* Resources */,
			);
			buildRules = (
			);
			dependencies = (
			);
			name = Kadai11;
			productName = Kadai11;
			productReference = A66980AD277B4C0C0036B472 /* Kadai11.app */;
			productType = "com.apple.product-type.application";
		};
/* End PBXNativeTarget section */

/* Begin PBXProject section */
		A66980A5277B4C0C0036B472 /* Project object */ = {
			isa = PBXProject;
			attributes = {
				BuildIndependentTargetsInParallel = 1;
				LastSwiftUpdateCheck = 1320;
				LastUpgradeCheck = 1320;
				TargetAttributes = {
					A66980AC277B4C0C0036B472 = {
						CreatedOnToolsVersion = 13.2.1;
					};
				};
			};
			buildConfigurationList = A66980A8277B4C0C0036B472 /* Build configuration list for PBXProject "Kadai11" */;
			compatibilityVersion = "Xcode 13.0";
			developmentRegion = en;
			hasScannedForEncodings = 0;
			knownRegions = (
				en,
				Base,
			);
			mainGroup = A66980A4277B4C0C0036B472;
			productRefGroup = A66980AE277B4C0C0036B472 /* Products */;
			projectDirPath = "";
			projectRoot = "";
			targets = (
				A66980AC277B4C0C0036B472 /* Kadai11 */,
			);
		};
/* End PBXProject section */

/* Begin PBXResourcesBuildPhase section */
		A66980AB277B4C0C0036B472 /* Resources */ = {
			isa = PBXResourcesBuildPhase;
			buildActionMask = 2147483647;
			files = (
				A66980B8277B4C0F0036B472 /* Preview Assets.xcassets in Resources */,
				A66980B5277B4C0F0036B472 /* Assets.xcassets in Resources */,
			);
			runOnlyForDeploymentPostprocessing = 0;
		};
/* End PBXResourcesBuildPhase section */

/* Begin PBXSourcesBuildPhase section */
		A66980A9277B4C0C0036B472 /* Sources */ = {
			isa = PBXSourcesBuildPhase;
			buildActionMask = 2147483647;
			files = (
				A66980D0277B6F6E0036B472 /* Router.swift in Sources */,
				A66980CA277B66D10036B472 /* PrefectureRepository.swift in Sources */,
				A66980CD277B68180036B472 /* APIClient.swift in Sources */,
				A6CE14DC277C96E2004C8732 /* HomeViewModel.swift in Sources */,
				A66980C4277B5CAD0036B472 /* PrefectureViewModel.swift in Sources */,
				A66980C8277B66A40036B472 /* PrefectureUseCase.swift in Sources */,
				A66980D2277B6F9F0036B472 /* HomeView.swift in Sources */,
				A66980BF277B4F9E0036B472 /* PrefectureList.swift in Sources */,
				A66980B1277B4C0C0036B472 /* Kadai11App.swift in Sources */,
			);
			runOnlyForDeploymentPostprocessing = 0;
		};
/* End PBXSourcesBuildPhase section */

/* Begin XCBuildConfiguration section */
		A66980B9277B4C0F0036B472 /* Debug */ = {
			isa = XCBuildConfiguration;
			buildSettings = {
				ALWAYS_SEARCH_USER_PATHS = NO;
				CLANG_ANALYZER_NONNULL = YES;
				CLANG_ANALYZER_NUMBER_OBJECT_CONVERSION = YES_AGGRESSIVE;
				CLANG_CXX_LANGUAGE_STANDARD = "gnu++17";
				CLANG_CXX_LIBRARY = "libc++";
				CLANG_ENABLE_MODULES = YES;
				CLANG_ENABLE_OBJC_ARC = YES;
				CLANG_ENABLE_OBJC_WEAK = YES;
				CLANG_WARN_BLOCK_CAPTURE_AUTORELEASING = YES;
				CLANG_WARN_BOOL_CONVERSION = YES;
				CLANG_WARN_COMMA = YES;
				CLANG_WARN_CONSTANT_CONVERSION = YES;
				CLANG_WARN_DEPRECATED_OBJC_IMPLEMENTATIONS = YES;
				CLANG_WARN_DIRECT_OBJC_ISA_USAGE = YES_ERROR;
				CLANG_WARN_DOCUMENTATION_COMMENTS = YES;
				CLANG_WARN_EMPTY_BODY = YES;
				CLANG_WARN_ENUM_CONVERSION = YES;
				CLANG_WARN_INFINITE_RECURSION = YES;
				CLANG_WARN_INT_CONVERSION = YES;
				CLANG_WARN_NON_LITERAL_NULL_CONVERSION = YES;
				CLANG_WARN_OBJC_IMPLICIT_RETAIN_SELF = YES;
				CLANG_WARN_OBJC_LITERAL_CONVERSION = YES;
				CLANG_WARN_OBJC_ROOT_CLASS = YES_ERROR;
				CLANG_WARN_QUOTED_INCLUDE_IN_FRAMEWORK_HEADER = YES;
				CLANG_WARN_RANGE_LOOP_ANALYSIS = YES;
				CLANG_WARN_STRICT_PROTOTYPES = YES;
				CLANG_WARN_SUSPICIOUS_MOVE = YES;
				CLANG_WARN_UNGUARDED_AVAILABILITY = YES_AGGRESSIVE;
				CLANG_WARN_UNREACHABLE_CODE = YES;
				CLANG_WARN__DUPLICATE_METHOD_MATCH = YES;
				COPY_PHASE_STRIP = NO;
				DEBUG_INFORMATION_FORMAT = dwarf;
				ENABLE_STRICT_OBJC_MSGSEND = YES;
				ENABLE_TESTABILITY = YES;
				GCC_C_LANGUAGE_STANDARD = gnu11;
				GCC_DYNAMIC_NO_PIC = NO;
				GCC_NO_COMMON_BLOCKS = YES;
				GCC_OPTIMIZATION_LEVEL = 0;
				GCC_PREPROCESSOR_DEFINITIONS = (
					"DEBUG=1",
					"$(inherited)",
				);
				GCC_WARN_64_TO_32_BIT_CONVERSION = YES;
				GCC_WARN_ABOUT_RETURN_TYPE = YES_ERROR;
				GCC_WARN_UNDECLARED_SELECTOR = YES;
				GCC_WARN_UNINITIALIZED_AUTOS = YES_AGGRESSIVE;
				GCC_WARN_UNUSED_FUNCTION = YES;
				GCC_WARN_UNUSED_VARIABLE = YES;
				IPHONEOS_DEPLOYMENT_TARGET = 15.2;
				MTL_ENABLE_DEBUG_INFO = INCLUDE_SOURCE;
				MTL_FAST_MATH = YES;
				ONLY_ACTIVE_ARCH = YES;
				SDKROOT = iphoneos;
				SWIFT_ACTIVE_COMPILATION_CONDITIONS = DEBUG;
				SWIFT_OPTIMIZATION_LEVEL = "-Onone";
			};
			name = Debug;
		};
		A66980BA277B4C0F0036B472 /* Release */ = {
			isa = XCBuildConfiguration;
			buildSettings = {
				ALWAYS_SEARCH_USER_PATHS = NO;
				CLANG_ANALYZER_NONNULL = YES;
				CLANG_ANALYZER_NUMBER_OBJECT_CONVERSION = YES_AGGRESSIVE;
				CLANG_CXX_LANGUAGE_STANDARD = "gnu++17";
				CLANG_CXX_LIBRARY = "libc++";
				CLANG_ENABLE_MODULES = YES;
				CLANG_ENABLE_OBJC_ARC = YES;
				CLANG_ENABLE_OBJC_WEAK = YES;
				CLANG_WARN_BLOCK_CAPTURE_AUTORELEASING = YES;
				CLANG_WARN_BOOL_CONVERSION = YES;
				CLANG_WARN_COMMA = YES;
				CLANG_WARN_CONSTANT_CONVERSION = YES;
				CLANG_WARN_DEPRECATED_OBJC_IMPLEMENTATIONS = YES;
				CLANG_WARN_DIRECT_OBJC_ISA_USAGE = YES_ERROR;
				CLANG_WARN_DOCUMENTATION_COMMENTS = YES;
				CLANG_WARN_EMPTY_BODY = YES;
				CLANG_WARN_ENUM_CONVERSION = YES;
				CLANG_WARN_INFINITE_RECURSION = YES;
				CLANG_WARN_INT_CONVERSION = YES;
				CLANG_WARN_NON_LITERAL_NULL_CONVERSION = YES;
				CLANG_WARN_OBJC_IMPLICIT_RETAIN_SELF = YES;
				CLANG_WARN_OBJC_LITERAL_CONVERSION = YES;
				CLANG_WARN_OBJC_ROOT_CLASS = YES_ERROR;
				CLANG_WARN_QUOTED_INCLUDE_IN_FRAMEWORK_HEADER = YES;
				CLANG_WARN_RANGE_LOOP_ANALYSIS = YES;
				CLANG_WARN_STRICT_PROTOTYPES = YES;
				CLANG_WARN_SUSPICIOUS_MOVE = YES;
				CLANG_WARN_UNGUARDED_AVAILABILITY = YES_AGGRESSIVE;
				CLANG_WARN_UNREACHABLE_CODE = YES;
				CLANG_WARN__DUPLICATE_METHOD_MATCH = YES;
				COPY_PHASE_STRIP = NO;
				DEBUG_INFORMATION_FORMAT = "dwarf-with-dsym";
				ENABLE_NS_ASSERTIONS = NO;
				ENABLE_STRICT_OBJC_MSGSEND = YES;
				GCC_C_LANGUAGE_STANDARD = gnu11;
				GCC_NO_COMMON_BLOCKS = YES;
				GCC_WARN_64_TO_32_BIT_CONVERSION = YES;
				GCC_WARN_ABOUT_RETURN_TYPE = YES_ERROR;
				GCC_WARN_UNDECLARED_SELECTOR = YES;
				GCC_WARN_UNINITIALIZED_AUTOS = YES_AGGRESSIVE;
				GCC_WARN_UNUSED_FUNCTION = YES;
				GCC_WARN_UNUSED_VARIABLE = YES;
				IPHONEOS_DEPLOYMENT_TARGET = 15.2;
				MTL_ENABLE_DEBUG_INFO = NO;
				MTL_FAST_MATH = YES;
				SDKROOT = iphoneos;
				SWIFT_COMPILATION_MODE = wholemodule;
				SWIFT_OPTIMIZATION_LEVEL = "-O";
				VALIDATE_PRODUCT = YES;
			};
			name = Release;
		};
		A66980BC277B4C0F0036B472 /* Debug */ = {
			isa = XCBuildConfiguration;
			buildSettings = {
				ASSETCATALOG_COMPILER_APPICON_NAME = AppIcon;
				ASSETCATALOG_COMPILER_GLOBAL_ACCENT_COLOR_NAME = AccentColor;
				CODE_SIGN_STYLE = Automatic;
				CURRENT_PROJECT_VERSION = 1;
				DEVELOPMENT_ASSET_PATHS = "\"Kadai11/Preview Content\"";
				ENABLE_PREVIEWS = YES;
				GENERATE_INFOPLIST_FILE = YES;
				INFOPLIST_KEY_UIApplicationSceneManifest_Generation = YES;
				INFOPLIST_KEY_UIApplicationSupportsIndirectInputEvents = YES;
				INFOPLIST_KEY_UILaunchScreen_Generation = YES;
				INFOPLIST_KEY_UISupportedInterfaceOrientations_iPad = "UIInterfaceOrientationPortrait UIInterfaceOrientationPortraitUpsideDown UIInterfaceOrientationLandscapeLeft UIInterfaceOrientationLandscapeRight";
				INFOPLIST_KEY_UISupportedInterfaceOrientations_iPhone = "UIInterfaceOrientationPortrait UIInterfaceOrientationLandscapeLeft UIInterfaceOrientationLandscapeRight";
				IPHONEOS_DEPLOYMENT_TARGET = 15.0;
				LD_RUNPATH_SEARCH_PATHS = (
					"$(inherited)",
					"@executable_path/Frameworks",
				);
				MARKETING_VERSION = 1.0;
				PRODUCT_BUNDLE_IDENTIFIER = com.gmail.daikiumehara3.Kadai11;
				PRODUCT_NAME = "$(TARGET_NAME)";
				SWIFT_EMIT_LOC_STRINGS = YES;
				SWIFT_VERSION = 5.0;
				TARGETED_DEVICE_FAMILY = "1,2";
			};
			name = Debug;
		};
		A66980BD277B4C0F0036B472 /* Release */ = {
			isa = XCBuildConfiguration;
			buildSettings = {
				ASSETCATALOG_COMPILER_APPICON_NAME = AppIcon;
				ASSETCATALOG_COMPILER_GLOBAL_ACCENT_COLOR_NAME = AccentColor;
				CODE_SIGN_STYLE = Automatic;
				CURRENT_PROJECT_VERSION = 1;
				DEVELOPMENT_ASSET_PATHS = "\"Kadai11/Preview Content\"";
				ENABLE_PREVIEWS = YES;
				GENERATE_INFOPLIST_FILE = YES;
				INFOPLIST_KEY_UIApplicationSceneManifest_Generation = YES;
				INFOPLIST_KEY_UIApplicationSupportsIndirectInputEvents = YES;
				INFOPLIST_KEY_UILaunchScreen_Generation = YES;
				INFOPLIST_KEY_UISupportedInterfaceOrientations_iPad = "UIInterfaceOrientationPortrait UIInterfaceOrientationPortraitUpsideDown UIInterfaceOrientationLandscapeLeft UIInterfaceOrientationLandscapeRight";
				INFOPLIST_KEY_UISupportedInterfaceOrientations_iPhone = "UIInterfaceOrientationPortrait UIInterfaceOrientationLandscapeLeft UIInterfaceOrientationLandscapeRight";
				IPHONEOS_DEPLOYMENT_TARGET = 15.0;
				LD_RUNPATH_SEARCH_PATHS = (
					"$(inherited)",
					"@executable_path/Frameworks",
				);
				MARKETING_VERSION = 1.0;
				PRODUCT_BUNDLE_IDENTIFIER = com.gmail.daikiumehara3.Kadai11;
				PRODUCT_NAME = "$(TARGET_NAME)";
				SWIFT_EMIT_LOC_STRINGS = YES;
				SWIFT_VERSION = 5.0;
				TARGETED_DEVICE_FAMILY = "1,2";
			};
			name = Release;
		};
/* End XCBuildConfiguration section */

/* Begin XCConfigurationList section */
		A66980A8277B4C0C0036B472 /* Build configuration list for PBXProject "Kadai11" */ = {
			isa = XCConfigurationList;
			buildConfigurations = (
				A66980B9277B4C0F0036B472 /* Debug */,
				A66980BA277B4C0F0036B472 /* Release */,
			);
			defaultConfigurationIsVisible = 0;
			defaultConfigurationName = Release;
		};
		A66980BB277B4C0F0036B472 /* Build configuration list for PBXNativeTarget "Kadai11" */ = {
			isa = XCConfigurationList;
			buildConfigurations = (
				A66980BC277B4C0F0036B472 /* Debug */,
				A66980BD277B4C0F0036B472 /* Release */,
			);
			defaultConfigurationIsVisible = 0;
			defaultConfigurationName = Release;
		};
/* End XCConfigurationList section */
	};
	rootObject = A66980A5277B4C0C0036B472 /* Project object */;
}
